
Microsoft Visual Studio Solution File, Format Version 12.00
# Visual Studio Version 16
VisualStudioVersion = 16.0.28803.202
MinimumVisualStudioVersion = 10.0.40219.1
Project("{FAE04EC0-301F-11D3-BF4B-00C04F79EFBC}") = "AirTrafficHandIn", "AirTrafficHandIn\AirTrafficHandIn.csproj", "{655D8BFD-183D-43B1-8D05-913C01A3F209}"
EndProject
Project("{FAE04EC0-301F-11D3-BF4B-00C04F79EFBC}") = "AirTrafficHandIn.Unit.Test", "AirTrafficHandIn.Unit.Test\AirTrafficHandIn.Unit.Test.csproj", "{185FA74F-C73A-4789-A536-733E32CFF356}"
EndProject
Project("{FAE04EC0-301F-11D3-BF4B-00C04F79EFBC}") = "AirTrafficHandInApp", "AirTrafficHandInApp\AirTrafficHandInApp.csproj", "{4334CC3A-C1B2-4B8D-BFDA-3DFD4C945721}"
EndProject
Global
	GlobalSection(SolutionConfigurationPlatforms) = preSolution
		Debug|Any CPU = Debug|Any CPU
		Release|Any CPU = Release|Any CPU
	EndGlobalSection
	GlobalSection(ProjectConfigurationPlatforms) = postSolution
		{655D8BFD-183D-43B1-8D05-913C01A3F209}.Debug|Any CPU.ActiveCfg = Debug|Any CPU
		{655D8BFD-183D-43B1-8D05-913C01A3F209}.Debug|Any CPU.Build.0 = Debug|Any CPU
		{655D8BFD-183D-43B1-8D05-913C01A3F209}.Release|Any CPU.ActiveCfg = Release|Any CPU
		{655D8BFD-183D-43B1-8D05-913C01A3F209}.Release|Any CPU.Build.0 = Release|Any CPU
		{185FA74F-C73A-4789-A536-733E32CFF356}.Debug|Any CPU.ActiveCfg = Debug|Any CPU
		{185FA74F-C73A-4789-A536-733E32CFF356}.Debug|Any CPU.Build.0 = Debug|Any CPU
		{185FA74F-C73A-4789-A536-733E32CFF356}.Release|Any CPU.ActiveCfg = Release|Any CPU
		{185FA74F-C73A-4789-A536-733E32CFF356}.Release|Any CPU.Build.0 = Release|Any CPU
		{4334CC3A-C1B2-4B8D-BFDA-3DFD4C945721}.Debug|Any CPU.ActiveCfg = Debug|Any CPU
		{4334CC3A-C1B2-4B8D-BFDA-3DFD4C945721}.Debug|Any CPU.Build.0 = Debug|Any CPU
		{4334CC3A-C1B2-4B8D-BFDA-3DFD4C945721}.Release|Any CPU.ActiveCfg = Release|Any CPU
		{4334CC3A-C1B2-4B8D-BFDA-3DFD4C945721}.Release|Any CPU.Build.0 = Release|Any CPU
	EndGlobalSection
	GlobalSection(SolutionProperties) = preSolution
		HideSolutionNode = FALSE
	EndGlobalSection
	GlobalSection(ExtensibilityGlobals) = postSolution
		SolutionGuid = {0828364E-7538-4170-A257-F05A99909D95}
	EndGlobalSection
EndGlobal
